PODS:
  - camera_avfoundation (0.0.1):
    - Flutter
  - CwlCatchException (2.2.1):
    - CwlCatchExceptionSupport (~> 2.2.1)
  - CwlCatchExceptionSupport (2.2.1)
  - Flutter (1.0.0)
  - image_picker_ios (0.0.1):
    - Flutter
  - open_file_ios (0.0.1):
    - Flutter
  - path_provider_foundation (0.0.1):
    - Flutter
    - FlutterMacOS
  - permission_handler_apple (9.3.0):
    - Flutter
  - printing (1.0.0):
    - Flutter
  - shared_preferences_foundation (0.0.1):
    - Flutter
    - FlutterMacOS
  - speech_to_text (7.2.0):
    - CwlCatchException
    - Flutter
    - FlutterMacOS
  - sqflite_darwin (0.0.4):
    - Flutter
    - FlutterMacOS

DEPENDENCIES:
  - camera_avfoundation (from `.symlinks/plugins/camera_avfoundation/ios`)
  - Flutter (from `Flutter`)
  - image_picker_ios (from `.symlinks/plugins/image_picker_ios/ios`)
  - open_file_ios (from `.symlinks/plugins/open_file_ios/ios`)
  - path_provider_foundation (from `.symlinks/plugins/path_provider_foundation/darwin`)
  - permission_handler_apple (from `.symlinks/plugins/permission_handler_apple/ios`)
  - printing (from `.symlinks/plugins/printing/ios`)
  - shared_preferences_foundation (from `.symlinks/plugins/shared_preferences_foundation/darwin`)
  - speech_to_text (from `.symlinks/plugins/speech_to_text/darwin`)
  - sqflite_darwin (from `.symlinks/plugins/sqflite_darwin/darwin`)

SPEC REPOS:
  trunk:
    - CwlCatchException
    - CwlCatchExceptionSupport

EXTERNAL SOURCES:
  camera_avfoundation:
    :path: ".symlinks/plugins/camera_avfoundation/ios"
  Flutter:
    :path: Flutter
  image_picker_ios:
    :path: ".symlinks/plugins/image_picker_ios/ios"
  open_file_ios:
    :path: ".symlinks/plugins/open_file_ios/ios"
  path_provider_foundation:
    :path: ".symlinks/plugins/path_provider_foundation/darwin"
  permission_handler_apple:
    :path: ".symlinks/plugins/permission_handler_apple/ios"
  printing:
    :path: ".symlinks/plugins/printing/ios"
  shared_preferences_foundation:
    :path: ".symlinks/plugins/shared_preferences_foundation/darwin"
  speech_to_text:
    :path: ".symlinks/plugins/speech_to_text/darwin"
  sqflite_darwin:
    :path: ".symlinks/plugins/sqflite_darwin/darwin"

SPEC CHECKSUMS:
  camera_avfoundation: adb0207d868b2d873e895371d88448399ab78d87
  CwlCatchException: 7acc161b299a6de7f0a46a6ed741eae2c8b4d75a
  CwlCatchExceptionSupport: 54ccab8d8c78907b57f99717fb19d4cc3bce02dc
  Flutter: cabc95a1d2626b1b06e7179b784ebcf0c0cde467
  image_picker_ios: c560581cceedb403a6ff17f2f816d7fea1421fc1
  open_file_ios: 461db5853723763573e140de3193656f91990d9e
  path_provider_foundation: 2b6b4c569c0fb62ec74538f866245ac84301af46
  permission_handler_apple: 9878588469a2b0d0fc1e048d9f43605f92e6cec2
  printing: 233e1b73bd1f4a05615548e9b5a324c98588640b
  shared_preferences_foundation: fcdcbc04712aee1108ac7fda236f363274528f78
  speech_to_text: 87bf9298952e8d9073be1b6aade6d5758db5170c
  sqflite_darwin: 5a7236e3b501866c1c9befc6771dfd73ffb8702d

PODFILE CHECKSUM: 3c63482e143d1b91d2d2560aee9fb04ecc74ac7e

COCOAPODS: 1.16.2
